
Microsoft Visual Studio Solution File, Format Version 12.00
# Visual Studio Version 16
VisualStudioVersion = 16.0.31702.278
MinimumVisualStudioVersion = 10.0.40219.1
Project("{9A19103F-16F7-4668-BE54-9A1E7A4F7556}") = "PitRadio.Api", "PitRadio.Api.csproj", "{20A675A9-8813-4E4B-A85C-EA731F72B243}"
EndProject
Project("{FAE04EC0-301F-11D3-BF4B-00C04F79EFBC}") = "PitRadio.MusicPlayer", "..\PitRadio.MusicPlayer\PitRadio.MusicPlayer.csproj", "{92B2A5B3-B99C-4CAC-9E47-B4D47D5ACF7B}"
EndProject
Global
	GlobalSection(SolutionConfigurationPlatforms) = preSolution
		Debug|Any CPU = Debug|Any CPU
		Release|Any CPU = Release|Any CPU
	EndGlobalSection
	GlobalSection(ProjectConfigurationPlatforms) = postSolution
		{20A675A9-8813-4E4B-A85C-EA731F72B243}.Debug|Any CPU.ActiveCfg = Debug|Any CPU
		{20A675A9-8813-4E4B-A85C-EA731F72B243}.Debug|Any CPU.Build.0 = Debug|Any CPU
		{20A675A9-8813-4E4B-A85C-EA731F72B243}.Release|Any CPU.ActiveCfg = Release|Any CPU
		{20A675A9-8813-4E4B-A85C-EA731F72B243}.Release|Any CPU.Build.0 = Release|Any CPU
		{92B2A5B3-B99C-4CAC-9E47-B4D47D5ACF7B}.Debug|Any CPU.ActiveCfg = Debug|Any CPU
		{92B2A5B3-B99C-4CAC-9E47-B4D47D5ACF7B}.Debug|Any CPU.Build.0 = Debug|Any CPU
		{92B2A5B3-B99C-4CAC-9E47-B4D47D5ACF7B}.Release|Any CPU.ActiveCfg = Release|Any CPU
		{92B2A5B3-B99C-4CAC-9E47-B4D47D5ACF7B}.Release|Any CPU.Build.0 = Release|Any CPU
	EndGlobalSection
	GlobalSection(SolutionProperties) = preSolution
		HideSolutionNode = FALSE
	EndGlobalSection
	GlobalSection(ExtensibilityGlobals) = postSolution
		SolutionGuid = {8585BD93-1A04-493D-8290-09C319CC7B13}
	EndGlobalSection
EndGlobal
